{
  "name": "Smart-Shippings",
  "lockfileVersion": 3,
  "requires": true,
  "packages": {
    "": {
      "dependencies": {
        "bootstrap": "^5.3.3",
        "bootstrap-submenu": "^3.0.1"
      }
    },
    "node_modules/bootstrap": {
      "version": "5.3.7",
      "resolved": "https://registry.npmjs.org/bootstrap/-/bootstrap-5.3.7.tgz",
      "integrity": "sha512-7KgiD8UHjfcPBHEpDNg+zGz8L3LqR3GVwqZiBRFX04a1BCArZOz1r2kjly2HQ0WokqTO0v1nF+QAt8dsW4lKlw==",
      "funding": [
        {
          "type": "github",
          "url": "https://github.com/sponsors/twbs"
        },
        {
          "type": "opencollective",
          "url": "https://opencollective.com/bootstrap"
        }
      ],
      "peerDependencies": {
        "@popperjs/core": "^2.11.8"
      }
    },
    "node_modules/bootstrap-submenu": {
      "version": "3.0.1",
      "resolved": "https://registry.npmjs.org/bootstrap-submenu/-/bootstrap-submenu-3.0.1.tgz",
      "integrity": "sha512-n7uXhiTuCptXMaSyTh5mki6jmVeA/WDE0EKRb+YZyxrMrVI/oEz9wlMmRGGJ2+mtFr4FYoEPvPOf5v75VZ/1Bg=="
    }
  }
}
